core:changelogs:
  - content: "---\npackages:\n  redis-on-workers:\n    type: minor\n---\n\n### Rewrite the client around a pull-based RESP decoder\n\nThe API shrinks to `send`, `sendRaw`, `close`, and `await using`. `sendOnce`, `sendOnceRaw`, `pipeline`, `isConnected`, `connection()`, and `RedisInstance` are gone. Use `await using` and `Promise.all` instead. A server error reply rejects its command with a `RedisError` and keeps the connection open. A transport failure closes the connection.\n"
    filename: modern-client.md
    v: 0.0.0
  - content: "---\npackages:\n  redis-on-workers:\n    type: minor\n---\n\n### Export option and response types from the package entry\n\n`RedisOptions`, `RedisResponse`, and the other public types are now importable from `redis-on-workers` instead of living only inside the package.\n"
    filename: export-types.md
    v: 0.0.0
core:packages:
  - changelogIds:
      - modern-client.md
      - export-types.md
    id: npm:redis-on-workers
    updated: true
npm:packages:
  - id: npm:redis-on-workers
